
Microsoft Visual Studio Solution File, Format Version 12.00
# Visual Studio 2012
Project("{FAE04EC0-301F-11D3-BF4B-00C04F79EFBC}") = "Solar", "Solar\Solar.csproj", "{BD4A0A4B-9A96-47CE-985C-041DA1F8D930}"
EndProject
Project("{FAE04EC0-301F-11D3-BF4B-00C04F79EFBC}") = "ZClient", "ZClient\ZClient.csproj", "{F57A033B-7873-447C-93E2-CFE0E7C1B6A1}"
EndProject
Project("{FAE04EC0-301F-11D3-BF4B-00C04F79EFBC}") = "CommonInterface", "CommonInterface\CommonInterface.csproj", "{1517C034-C7A2-45D3-AF13-15C80982CD00}"
EndProject
Project("{FAE04EC0-301F-11D3-BF4B-00C04F79EFBC}") = "ZClientLib", "ClientLib\ZClientLib.csproj", "{8B14FC65-B515-4241-BD25-0C1F52017292}"
EndProject
Project("{FAE04EC0-301F-11D3-BF4B-00C04F79EFBC}") = "GridCalculator", "GridCalculator\GridCalculator.csproj", "{3C32D236-13A2-4EA8-8518-2C1B004BCC36}"
EndProject
Project("{FAE04EC0-301F-11D3-BF4B-00C04F79EFBC}") = "MCached", "MCached\MCached.csproj", "{74B57B7F-9298-4857-8529-1EC109D9596B}"
EndProject
Project("{FAE04EC0-301F-11D3-BF4B-00C04F79EFBC}") = "XmlFactory", "XmlFactory\XmlFactory.csproj", "{571CFAF3-6907-4125-8697-0F1344B9DA92}"
EndProject
Project("{FAE04EC0-301F-11D3-BF4B-00C04F79EFBC}") = "CommonLib", "CommonLib\CommonLib.csproj", "{9D0709C9-7D4C-454F-9B76-752AB8B47010}"
EndProject
Project("{FAE04EC0-301F-11D3-BF4B-00C04F79EFBC}") = "SolarLib", "SolarLib\SolarLib.csproj", "{6050B54C-E613-489E-93B6-4C0E0B41A88A}"
EndProject
Project("{FAE04EC0-301F-11D3-BF4B-00C04F79EFBC}") = "CNode", "CNode\CNode.csproj", "{A153D1D7-69B4-409C-B589-0BCDA1942CA2}"
EndProject
Project("{FAE04EC0-301F-11D3-BF4B-00C04F79EFBC}") = "DAL", "DAL\DAL.csproj", "{6E5C5FA6-AFC0-435D-87C7-641F277FF661}"
EndProject
Project("{2150E333-8FDC-42A3-9474-1A3956D46DE8}") = "Lib", "Lib", "{B593B9BC-DA20-4AD1-8D17-D5723B25C3E2}"
	ProjectSection(SolutionItems) = preProject
		Lib\log4net.dll = Lib\log4net.dll
	EndProjectSection
EndProject
Project("{FAE04EC0-301F-11D3-BF4B-00C04F79EFBC}") = "UnitTest_Solar", "UnitTest_Solar\UnitTest_Solar.csproj", "{852A1CBA-E499-4873-B25C-5FCF8EDC6D03}"
EndProject
Project("{FAE04EC0-301F-11D3-BF4B-00C04F79EFBC}") = "Galaxy", "Galaxy\Galaxy.csproj", "{A4A77468-3AEF-4CE0-9CF1-D4A871A67099}"
EndProject
Project("{FAE04EC0-301F-11D3-BF4B-00C04F79EFBC}") = "Galaxy.Tests", "Galaxy.Tests\Galaxy.Tests.csproj", "{0AAAB43D-F8F0-489F-AAA8-1540E400D2C9}"
EndProject
Project("{FAE04EC0-301F-11D3-BF4B-00C04F79EFBC}") = "Adapter", "Adapter4Server\Adapter.csproj", "{C997015A-630B-44D9-9CDA-160238D75714}"
EndProject
Project("{FAE04EC0-301F-11D3-BF4B-00C04F79EFBC}") = "Pricer", "Pricer\Pricer.csproj", "{A930DF59-DF8B-4816-A001-DE8C5755C6A5}"
EndProject
Project("{FAE04EC0-301F-11D3-BF4B-00C04F79EFBC}") = "UnitTest_ZClient_UI", "ZClient_UI\UnitTest_ZClient_UI.csproj", "{9D66DEA9-5DED-495E-8839-594E89A4642E}"
EndProject
Project("{FAE04EC0-301F-11D3-BF4B-00C04F79EFBC}") = "UnitTest_ZClient", "ZClient_UnitTest\UnitTest_ZClient.csproj", "{AB8E3E2B-E832-4014-8FDD-5185C2692E8C}"
EndProject
Project("{FAE04EC0-301F-11D3-BF4B-00C04F79EFBC}") = "UnitTest_CommonLib", "UnitTest_CommonLib\UnitTest_CommonLib.csproj", "{120F7025-6E15-4F77-9677-F0F8CC42C870}"
EndProject
Global
	GlobalSection(SolutionConfigurationPlatforms) = preSolution
		Debug|Any CPU = Debug|Any CPU
		Release|Any CPU = Release|Any CPU
	EndGlobalSection
	GlobalSection(ProjectConfigurationPlatforms) = postSolution
		{BD4A0A4B-9A96-47CE-985C-041DA1F8D930}.Debug|Any CPU.ActiveCfg = Debug|Any CPU
		{BD4A0A4B-9A96-47CE-985C-041DA1F8D930}.Debug|Any CPU.Build.0 = Debug|Any CPU
		{BD4A0A4B-9A96-47CE-985C-041DA1F8D930}.Release|Any CPU.ActiveCfg = Release|Any CPU
		{BD4A0A4B-9A96-47CE-985C-041DA1F8D930}.Release|Any CPU.Build.0 = Release|Any CPU
		{F57A033B-7873-447C-93E2-CFE0E7C1B6A1}.Debug|Any CPU.ActiveCfg = Debug|Any CPU
		{F57A033B-7873-447C-93E2-CFE0E7C1B6A1}.Debug|Any CPU.Build.0 = Debug|Any CPU
		{F57A033B-7873-447C-93E2-CFE0E7C1B6A1}.Release|Any CPU.ActiveCfg = Release|Any CPU
		{F57A033B-7873-447C-93E2-CFE0E7C1B6A1}.Release|Any CPU.Build.0 = Release|Any CPU
		{1517C034-C7A2-45D3-AF13-15C80982CD00}.Debug|Any CPU.ActiveCfg = Debug|Any CPU
		{1517C034-C7A2-45D3-AF13-15C80982CD00}.Debug|Any CPU.Build.0 = Debug|Any CPU
		{1517C034-C7A2-45D3-AF13-15C80982CD00}.Release|Any CPU.ActiveCfg = Release|Any CPU
		{1517C034-C7A2-45D3-AF13-15C80982CD00}.Release|Any CPU.Build.0 = Release|Any CPU
		{8B14FC65-B515-4241-BD25-0C1F52017292}.Debug|Any CPU.ActiveCfg = Debug|Any CPU
		{8B14FC65-B515-4241-BD25-0C1F52017292}.Debug|Any CPU.Build.0 = Debug|Any CPU
		{8B14FC65-B515-4241-BD25-0C1F52017292}.Release|Any CPU.ActiveCfg = Release|Any CPU
		{8B14FC65-B515-4241-BD25-0C1F52017292}.Release|Any CPU.Build.0 = Release|Any CPU
		{3C32D236-13A2-4EA8-8518-2C1B004BCC36}.Debug|Any CPU.ActiveCfg = Debug|Any CPU
		{3C32D236-13A2-4EA8-8518-2C1B004BCC36}.Debug|Any CPU.Build.0 = Debug|Any CPU
		{3C32D236-13A2-4EA8-8518-2C1B004BCC36}.Release|Any CPU.ActiveCfg = Release|Any CPU
		{3C32D236-13A2-4EA8-8518-2C1B004BCC36}.Release|Any CPU.Build.0 = Release|Any CPU
		{74B57B7F-9298-4857-8529-1EC109D9596B}.Debug|Any CPU.ActiveCfg = Debug|Any CPU
		{74B57B7F-9298-4857-8529-1EC109D9596B}.Debug|Any CPU.Build.0 = Debug|Any CPU
		{74B57B7F-9298-4857-8529-1EC109D9596B}.Release|Any CPU.ActiveCfg = Release|Any CPU
		{74B57B7F-9298-4857-8529-1EC109D9596B}.Release|Any CPU.Build.0 = Release|Any CPU
		{571CFAF3-6907-4125-8697-0F1344B9DA92}.Debug|Any CPU.ActiveCfg = Debug|Any CPU
		{571CFAF3-6907-4125-8697-0F1344B9DA92}.Debug|Any CPU.Build.0 = Debug|Any CPU
		{571CFAF3-6907-4125-8697-0F1344B9DA92}.Release|Any CPU.ActiveCfg = Release|Any CPU
		{571CFAF3-6907-4125-8697-0F1344B9DA92}.Release|Any CPU.Build.0 = Release|Any CPU
		{9D0709C9-7D4C-454F-9B76-752AB8B47010}.Debug|Any CPU.ActiveCfg = Debug|Any CPU
		{9D0709C9-7D4C-454F-9B76-752AB8B47010}.Debug|Any CPU.Build.0 = Debug|Any CPU
		{9D0709C9-7D4C-454F-9B76-752AB8B47010}.Release|Any CPU.ActiveCfg = Release|Any CPU
		{9D0709C9-7D4C-454F-9B76-752AB8B47010}.Release|Any CPU.Build.0 = Release|Any CPU
		{6050B54C-E613-489E-93B6-4C0E0B41A88A}.Debug|Any CPU.ActiveCfg = Debug|Any CPU
		{6050B54C-E613-489E-93B6-4C0E0B41A88A}.Debug|Any CPU.Build.0 = Debug|Any CPU
		{6050B54C-E613-489E-93B6-4C0E0B41A88A}.Release|Any CPU.ActiveCfg = Release|Any CPU
		{6050B54C-E613-489E-93B6-4C0E0B41A88A}.Release|Any CPU.Build.0 = Release|Any CPU
		{A153D1D7-69B4-409C-B589-0BCDA1942CA2}.Debug|Any CPU.ActiveCfg = Debug|Any CPU
		{A153D1D7-69B4-409C-B589-0BCDA1942CA2}.Debug|Any CPU.Build.0 = Debug|Any CPU
		{A153D1D7-69B4-409C-B589-0BCDA1942CA2}.Release|Any CPU.ActiveCfg = Release|Any CPU
		{A153D1D7-69B4-409C-B589-0BCDA1942CA2}.Release|Any CPU.Build.0 = Release|Any CPU
		{6E5C5FA6-AFC0-435D-87C7-641F277FF661}.Debug|Any CPU.ActiveCfg = Debug|Any CPU
		{6E5C5FA6-AFC0-435D-87C7-641F277FF661}.Debug|Any CPU.Build.0 = Debug|Any CPU
		{6E5C5FA6-AFC0-435D-87C7-641F277FF661}.Release|Any CPU.ActiveCfg = Release|Any CPU
		{6E5C5FA6-AFC0-435D-87C7-641F277FF661}.Release|Any CPU.Build.0 = Release|Any CPU
		{852A1CBA-E499-4873-B25C-5FCF8EDC6D03}.Debug|Any CPU.ActiveCfg = Debug|Any CPU
		{852A1CBA-E499-4873-B25C-5FCF8EDC6D03}.Debug|Any CPU.Build.0 = Debug|Any CPU
		{852A1CBA-E499-4873-B25C-5FCF8EDC6D03}.Release|Any CPU.ActiveCfg = Release|Any CPU
		{852A1CBA-E499-4873-B25C-5FCF8EDC6D03}.Release|Any CPU.Build.0 = Release|Any CPU
		{A4A77468-3AEF-4CE0-9CF1-D4A871A67099}.Debug|Any CPU.ActiveCfg = Debug|Any CPU
		{A4A77468-3AEF-4CE0-9CF1-D4A871A67099}.Debug|Any CPU.Build.0 = Debug|Any CPU
		{A4A77468-3AEF-4CE0-9CF1-D4A871A67099}.Release|Any CPU.ActiveCfg = Release|Any CPU
		{A4A77468-3AEF-4CE0-9CF1-D4A871A67099}.Release|Any CPU.Build.0 = Release|Any CPU
		{0AAAB43D-F8F0-489F-AAA8-1540E400D2C9}.Debug|Any CPU.ActiveCfg = Debug|Any CPU
		{0AAAB43D-F8F0-489F-AAA8-1540E400D2C9}.Debug|Any CPU.Build.0 = Debug|Any CPU
		{0AAAB43D-F8F0-489F-AAA8-1540E400D2C9}.Release|Any CPU.ActiveCfg = Release|Any CPU
		{0AAAB43D-F8F0-489F-AAA8-1540E400D2C9}.Release|Any CPU.Build.0 = Release|Any CPU
		{C997015A-630B-44D9-9CDA-160238D75714}.Debug|Any CPU.ActiveCfg = Debug|Any CPU
		{C997015A-630B-44D9-9CDA-160238D75714}.Debug|Any CPU.Build.0 = Debug|Any CPU
		{C997015A-630B-44D9-9CDA-160238D75714}.Release|Any CPU.ActiveCfg = Release|Any CPU
		{C997015A-630B-44D9-9CDA-160238D75714}.Release|Any CPU.Build.0 = Release|Any CPU
		{A930DF59-DF8B-4816-A001-DE8C5755C6A5}.Debug|Any CPU.ActiveCfg = Debug|Any CPU
		{A930DF59-DF8B-4816-A001-DE8C5755C6A5}.Debug|Any CPU.Build.0 = Debug|Any CPU
		{A930DF59-DF8B-4816-A001-DE8C5755C6A5}.Release|Any CPU.ActiveCfg = Release|Any CPU
		{A930DF59-DF8B-4816-A001-DE8C5755C6A5}.Release|Any CPU.Build.0 = Release|Any CPU
		{9D66DEA9-5DED-495E-8839-594E89A4642E}.Debug|Any CPU.ActiveCfg = Debug|Any CPU
		{9D66DEA9-5DED-495E-8839-594E89A4642E}.Debug|Any CPU.Build.0 = Debug|Any CPU
		{9D66DEA9-5DED-495E-8839-594E89A4642E}.Release|Any CPU.ActiveCfg = Release|Any CPU
		{9D66DEA9-5DED-495E-8839-594E89A4642E}.Release|Any CPU.Build.0 = Release|Any CPU
		{AB8E3E2B-E832-4014-8FDD-5185C2692E8C}.Debug|Any CPU.ActiveCfg = Debug|Any CPU
		{AB8E3E2B-E832-4014-8FDD-5185C2692E8C}.Debug|Any CPU.Build.0 = Debug|Any CPU
		{AB8E3E2B-E832-4014-8FDD-5185C2692E8C}.Release|Any CPU.ActiveCfg = Release|Any CPU
		{AB8E3E2B-E832-4014-8FDD-5185C2692E8C}.Release|Any CPU.Build.0 = Release|Any CPU
		{120F7025-6E15-4F77-9677-F0F8CC42C870}.Debug|Any CPU.ActiveCfg = Debug|Any CPU
		{120F7025-6E15-4F77-9677-F0F8CC42C870}.Debug|Any CPU.Build.0 = Debug|Any CPU
		{120F7025-6E15-4F77-9677-F0F8CC42C870}.Release|Any CPU.ActiveCfg = Release|Any CPU
		{120F7025-6E15-4F77-9677-F0F8CC42C870}.Release|Any CPU.Build.0 = Release|Any CPU
	EndGlobalSection
	GlobalSection(SolutionProperties) = preSolution
		HideSolutionNode = FALSE
	EndGlobalSection
EndGlobal
